// !$*UTF8*$!
{
	archiveVersion = 1;
	classes = {
	};
	objectVersion = 52;
	objects = {

/* Begin PBXBuildFile section */
		B930847622C2C3CA0099E0A7 /* StitchCloudKitTests.swift in Sources */ = {isa = PBXBuildFile; fileRef = B930847522C2C3CA0099E0A7 /* StitchCloudKitTests.swift */; };
		B943BA3822C534D900EC9547 /* StitchTesterRoot.swift in Sources */ = {isa = PBXBuildFile; fileRef = B943BA3722C534D900EC9547 /* StitchTesterRoot.swift */; };
		B9544F2522CBCC5500C5ED29 /* TestModel.xcdatamodeld in Sources */ = {isa = PBXBuildFile; fileRef = B9CDF08222BD18F5004A52D3 /* TestModel.xcdatamodeld */; };
		B9C7571222BC802A0086163A /* AppDelegate.swift in Sources */ = {isa = PBXBuildFile; fileRef = B9C7571122BC802A0086163A /* AppDelegate.swift */; };
		B9C7571422BC802C0086163A /* Assets.xcassets in Resources */ = {isa = PBXBuildFile; fileRef = B9C7571322BC802C0086163A /* Assets.xcassets */; };
		B9C7571722BC802C0086163A /* Main.storyboard in Resources */ = {isa = PBXBuildFile; fileRef = B9C7571522BC802C0086163A /* Main.storyboard */; };
		B9C7573B22BC842D0086163A /* CloudKit.framework in Frameworks */ = {isa = PBXBuildFile; fileRef = B9C7573A22BC842D0086163A /* CloudKit.framework */; };
		B9C7574722BC866B0086163A /* Stitch in Frameworks */ = {isa = PBXBuildFile; productRef = B9C7574622BC866B0086163A /* Stitch */; };
		B9CDF08422BD18F5004A52D3 /* TestModel.xcdatamodeld in Sources */ = {isa = PBXBuildFile; fileRef = B9CDF08222BD18F5004A52D3 /* TestModel.xcdatamodeld */; };
		B9D355C822CB9580002C4AEC /* AppDelegate.swift in Sources */ = {isa = PBXBuildFile; fileRef = B9D355C722CB9580002C4AEC /* AppDelegate.swift */; };
		B9D355CA22CB9580002C4AEC /* ViewController.swift in Sources */ = {isa = PBXBuildFile; fileRef = B9D355C922CB9580002C4AEC /* ViewController.swift */; };
		B9D355CD22CB9580002C4AEC /* Main.storyboard in Resources */ = {isa = PBXBuildFile; fileRef = B9D355CB22CB9580002C4AEC /* Main.storyboard */; };
		B9D355CF22CB9581002C4AEC /* Assets.xcassets in Resources */ = {isa = PBXBuildFile; fileRef = B9D355CE22CB9581002C4AEC /* Assets.xcassets */; };
		B9D355E222CB959B002C4AEC /* StitchTesterRoot.swift in Sources */ = {isa = PBXBuildFile; fileRef = B943BA3722C534D900EC9547 /* StitchTesterRoot.swift */; };
		B9D355E322CB959B002C4AEC /* StitchNonSyncTests.swift in Sources */ = {isa = PBXBuildFile; fileRef = B9D748F422BC8C420058EDB9 /* StitchNonSyncTests.swift */; };
		B9D355E422CB959B002C4AEC /* StitchTests.swift in Sources */ = {isa = PBXBuildFile; fileRef = B9F67BD822BCA5860092EEF1 /* StitchTests.swift */; };
		B9D355E522CB959B002C4AEC /* StitchCloudKitTests.swift in Sources */ = {isa = PBXBuildFile; fileRef = B930847522C2C3CA0099E0A7 /* StitchCloudKitTests.swift */; };
		B9D355E622CB959B002C4AEC /* StitchSyncSystemTests.swift in Sources */ = {isa = PBXBuildFile; fileRef = B9EE702D22C428E700AFF960 /* StitchSyncSystemTests.swift */; };
		B9D355E722CB959F002C4AEC /* TestModel.xcdatamodeld in Sources */ = {isa = PBXBuildFile; fileRef = B9CDF08222BD18F5004A52D3 /* TestModel.xcdatamodeld */; };
		B9D355EA22CB9630002C4AEC /* Stitch in Frameworks */ = {isa = PBXBuildFile; productRef = B9D355E922CB9630002C4AEC /* Stitch */; };
		B9D355F122CB9CB4002C4AEC /* StitchTester-watchOS WatchKit App.app in Embed Watch Content */ = {isa = PBXBuildFile; fileRef = B9D355F022CB9CB4002C4AEC /* StitchTester-watchOS WatchKit App.app */; settings = {ATTRIBUTES = (RemoveHeadersOnCopy, ); }; };
		B9D355F722CB9CB4002C4AEC /* Interface.storyboard in Resources */ = {isa = PBXBuildFile; fileRef = B9D355F522CB9CB4002C4AEC /* Interface.storyboard */; };
		B9D355F922CB9CB5002C4AEC /* Assets.xcassets in Resources */ = {isa = PBXBuildFile; fileRef = B9D355F822CB9CB5002C4AEC /* Assets.xcassets */; };
		B9D3560022CB9CB5002C4AEC /* StitchTester-watchOS WatchKit Extension.appex in Embed App Extensions */ = {isa = PBXBuildFile; fileRef = B9D355FF22CB9CB5002C4AEC /* StitchTester-watchOS WatchKit Extension.appex */; settings = {ATTRIBUTES = (RemoveHeadersOnCopy, ); }; };
		B9D3560522CB9CB5002C4AEC /* InterfaceController.swift in Sources */ = {isa = PBXBuildFile; fileRef = B9D3560422CB9CB5002C4AEC /* InterfaceController.swift */; };
		B9D3560722CB9CB5002C4AEC /* ExtensionDelegate.swift in Sources */ = {isa = PBXBuildFile; fileRef = B9D3560622CB9CB5002C4AEC /* ExtensionDelegate.swift */; };
		B9D3560922CB9CB6002C4AEC /* Assets.xcassets in Resources */ = {isa = PBXBuildFile; fileRef = B9D3560822CB9CB6002C4AEC /* Assets.xcassets */; };
		B9D3561E22CB9E80002C4AEC /* Stitch in Frameworks */ = {isa = PBXBuildFile; productRef = B9D3561D22CB9E80002C4AEC /* Stitch */; };
		B9D748F522BC8C420058EDB9 /* StitchNonSyncTests.swift in Sources */ = {isa = PBXBuildFile; fileRef = B9D748F422BC8C420058EDB9 /* StitchNonSyncTests.swift */; };
		B9EE702E22C428E700AFF960 /* StitchSyncSystemTests.swift in Sources */ = {isa = PBXBuildFile; fileRef = B9EE702D22C428E700AFF960 /* StitchSyncSystemTests.swift */; };
		B9F67BD922BCA5860092EEF1 /* StitchTests.swift in Sources */ = {isa = PBXBuildFile; fileRef = B9F67BD822BCA5860092EEF1 /* StitchTests.swift */; };
		B9F9870222CB126A00E72151 /* AppDelegate.swift in Sources */ = {isa = PBXBuildFile; fileRef = B9F9870122CB126A00E72151 /* AppDelegate.swift */; };
		B9F9870422CB126A00E72151 /* SceneDelegate.swift in Sources */ = {isa = PBXBuildFile; fileRef = B9F9870322CB126A00E72151 /* SceneDelegate.swift */; };
		B9F9870622CB126A00E72151 /* ViewController.swift in Sources */ = {isa = PBXBuildFile; fileRef = B9F9870522CB126A00E72151 /* ViewController.swift */; };
		B9F9870922CB126A00E72151 /* Main.storyboard in Resources */ = {isa = PBXBuildFile; fileRef = B9F9870722CB126A00E72151 /* Main.storyboard */; };
		B9F9870B22CB126A00E72151 /* Assets.xcassets in Resources */ = {isa = PBXBuildFile; fileRef = B9F9870A22CB126A00E72151 /* Assets.xcassets */; };
		B9F9870E22CB126A00E72151 /* LaunchScreen.storyboard in Resources */ = {isa = PBXBuildFile; fileRef = B9F9870C22CB126A00E72151 /* LaunchScreen.storyboard */; };
		B9F9872122CB127F00E72151 /* StitchTesterRoot.swift in Sources */ = {isa = PBXBuildFile; fileRef = B943BA3722C534D900EC9547 /* StitchTesterRoot.swift */; };
		B9F9872222CB127F00E72151 /* StitchNonSyncTests.swift in Sources */ = {isa = PBXBuildFile; fileRef = B9D748F422BC8C420058EDB9 /* StitchNonSyncTests.swift */; };
		B9F9872322CB127F00E72151 /* StitchTests.swift in Sources */ = {isa = PBXBuildFile; fileRef = B9F67BD822BCA5860092EEF1 /* StitchTests.swift */; };
		B9F9872422CB127F00E72151 /* StitchCloudKitTests.swift in Sources */ = {isa = PBXBuildFile; fileRef = B930847522C2C3CA0099E0A7 /* StitchCloudKitTests.swift */; };
		B9F9872522CB127F00E72151 /* StitchSyncSystemTests.swift in Sources */ = {isa = PBXBuildFile; fileRef = B9EE702D22C428E700AFF960 /* StitchSyncSystemTests.swift */; };
		B9F9872622CB128500E72151 /* TestModel.xcdatamodeld in Sources */ = {isa = PBXBuildFile; fileRef = B9CDF08222BD18F5004A52D3 /* TestModel.xcdatamodeld */; };
		B9F9872822CB12B300E72151 /* Stitch in Frameworks */ = {isa = PBXBuildFile; productRef = B9F9872722CB12B300E72151 /* Stitch */; };
/* End PBXBuildFile section */

/* Begin PBXContainerItemProxy section */
		B9D355D622CB9582002C4AEC /* PBXContainerItemProxy */ = {
			isa = PBXContainerItemProxy;
			containerPortal = B9C7570622BC802A0086163A /* Project object */;
			proxyType = 1;
			remoteGlobalIDString = B9D355C422CB9580002C4AEC;
			remoteInfo = "StitchTester-tvOS";
		};
		B9D355F222CB9CB4002C4AEC /* PBXContainerItemProxy */ = {
			isa = PBXContainerItemProxy;
			containerPortal = B9C7570622BC802A0086163A /* Project object */;
			proxyType = 1;
			remoteGlobalIDString = B9D355EF22CB9CB4002C4AEC;
			remoteInfo = "StitchTester-watchOS WatchKit App";
		};
		B9D3560122CB9CB5002C4AEC /* PBXContainerItemProxy */ = {
			isa = PBXContainerItemProxy;
			containerPortal = B9C7570622BC802A0086163A /* Project object */;
			proxyType = 1;
			remoteGlobalIDString = B9D355FE22CB9CB5002C4AEC;
			remoteInfo = "StitchTester-watchOS WatchKit Extension";
		};
		B9D748F722BC8C420058EDB9 /* PBXContainerItemProxy */ = {
			isa = PBXContainerItemProxy;
			containerPortal = B9C7570622BC802A0086163A /* Project object */;
			proxyType = 1;
			remoteGlobalIDString = B9C7570D22BC802A0086163A;
			remoteInfo = StitchTester;
		};
		B9F9871522CB126B00E72151 /* PBXContainerItemProxy */ = {
			isa = PBXContainerItemProxy;
			containerPortal = B9C7570622BC802A0086163A /* Project object */;
			proxyType = 1;
			remoteGlobalIDString = B9F986FE22CB126900E72151;
			remoteInfo = "StitchTester-iOS";
		};
/* End PBXContainerItemProxy section */

/* Begin PBXCopyFilesBuildPhase section */
		B9C7574422BC856A0086163A /* Embed Frameworks */ = {
			isa = PBXCopyFilesBuildPhase;
			buildActionMask = 2147483647;
			dstPath = "";
			dstSubfolderSpec = 10;
			files = (
			);
			name = "Embed Frameworks";
			runOnlyForDeploymentPostprocessing = 0;
		};
		B9D3560E22CB9CB6002C4AEC /* Embed App Extensions */ = {
			isa = PBXCopyFilesBuildPhase;
			buildActionMask = 2147483647;
			dstPath = "";
			dstSubfolderSpec = 13;
			files = (
				B9D3560022CB9CB5002C4AEC /* StitchTester-watchOS WatchKit Extension.appex in Embed App Extensions */,
			);
			name = "Embed App Extensions";
			runOnlyForDeploymentPostprocessing = 0;
		};
		B9D3561222CB9CB6002C4AEC /* Embed Watch Content */ = {
			isa = PBXCopyFilesBuildPhase;
			buildActionMask = 2147483647;
			dstPath = "$(CONTENTS_FOLDER_PATH)/Watch";
			dstSubfolderSpec = 16;
			files = (
				B9D355F122CB9CB4002C4AEC /* StitchTester-watchOS WatchKit App.app in Embed Watch Content */,
			);
			name = "Embed Watch Content";
			runOnlyForDeploymentPostprocessing = 0;
		};
/* End PBXCopyFilesBuildPhase section */

/* Begin PBXFileReference section */
		B930847522C2C3CA0099E0A7 /* StitchCloudKitTests.swift */ = {isa = PBXFileReference; lastKnownFileType = sourcecode.swift; path = StitchCloudKitTests.swift; sourceTree = "<group>"; };
		B943BA3722C534D900EC9547 /* StitchTesterRoot.swift */ = {isa = PBXFileReference; lastKnownFileType = sourcecode.swift; path = StitchTesterRoot.swift; sourceTree = "<group>"; };
		B9C4FC4022CAA35400E34B3C /* TestModel2.xcdatamodel */ = {isa = PBXFileReference; lastKnownFileType = wrapper.xcdatamodel; path = TestModel2.xcdatamodel; sourceTree = "<group>"; };
		B9C4FC4122CAA37B00E34B3C /* TestModel3.xcdatamodel */ = {isa = PBXFileReference; lastKnownFileType = wrapper.xcdatamodel; path = TestModel3.xcdatamodel; sourceTree = "<group>"; };
		B9C7570E22BC802A0086163A /* StitchTester.app */ = {isa = PBXFileReference; explicitFileType = wrapper.application; includeInIndex = 0; path = StitchTester.app; sourceTree = BUILT_PRODUCTS_DIR; };
		B9C7571122BC802A0086163A /* AppDelegate.swift */ = {isa = PBXFileReference; lastKnownFileType = sourcecode.swift; path = AppDelegate.swift; sourceTree = "<group>"; };
		B9C7571322BC802C0086163A /* Assets.xcassets */ = {isa = PBXFileReference; lastKnownFileType = folder.assetcatalog; path = Assets.xcassets; sourceTree = "<group>"; };
		B9C7571622BC802C0086163A /* Base */ = {isa = PBXFileReference; lastKnownFileType = file.storyboard; name = Base; path = Base.lproj/Main.storyboard; sourceTree = "<group>"; };
		B9C7571822BC802C0086163A /* Info.plist */ = {isa = PBXFileReference; lastKnownFileType = text.plist.xml; path = Info.plist; sourceTree = "<group>"; };
		B9C7571922BC802C0086163A /* Stitch.entitlements */ = {isa = PBXFileReference; lastKnownFileType = text.plist.entitlements; path = Stitch.entitlements; sourceTree = "<group>"; };
		B9C7573022BC81E10086163A /* Stitch */ = {isa = PBXFileReference; lastKnownFileType = folder; name = Stitch; path = ..; sourceTree = "<group>"; };
		B9C7573A22BC842D0086163A /* CloudKit.framework */ = {isa = PBXFileReference; lastKnownFileType = wrapper.framework; name = CloudKit.framework; path = System/Library/Frameworks/CloudKit.framework; sourceTree = SDKROOT; };
		B9CDF08322BD18F5004A52D3 /* TestModel.xcdatamodel */ = {isa = PBXFileReference; lastKnownFileType = wrapper.xcdatamodel; path = TestModel.xcdatamodel; sourceTree = "<group>"; };
		B9D355C522CB9580002C4AEC /* StitchTester-tvOS.app */ = {isa = PBXFileReference; explicitFileType = wrapper.application; includeInIndex = 0; path = "StitchTester-tvOS.app"; sourceTree = BUILT_PRODUCTS_DIR; };
		B9D355C722CB9580002C4AEC /* AppDelegate.swift */ = {isa = PBXFileReference; lastKnownFileType = sourcecode.swift; path = AppDelegate.swift; sourceTree = "<group>"; };
		B9D355C922CB9580002C4AEC /* ViewController.swift */ = {isa = PBXFileReference; lastKnownFileType = sourcecode.swift; path = ViewController.swift; sourceTree = "<group>"; };
		B9D355CC22CB9580002C4AEC /* Base */ = {isa = PBXFileReference; lastKnownFileType = file.storyboard; name = Base; path = Base.lproj/Main.storyboard; sourceTree = "<group>"; };
		B9D355CE22CB9581002C4AEC /* Assets.xcassets */ = {isa = PBXFileReference; lastKnownFileType = folder.assetcatalog; path = Assets.xcassets; sourceTree = "<group>"; };
		B9D355D022CB9581002C4AEC /* Info.plist */ = {isa = PBXFileReference; lastKnownFileType = text.plist.xml; path = Info.plist; sourceTree = "<group>"; };
		B9D355D522CB9582002C4AEC /* StitchTester-tvOSTests.xctest */ = {isa = PBXFileReference; explicitFileType = wrapper.cfbundle; includeInIndex = 0; path = "StitchTester-tvOSTests.xctest"; sourceTree = BUILT_PRODUCTS_DIR; };
		B9D355DB22CB9582002C4AEC /* Info.plist */ = {isa = PBXFileReference; lastKnownFileType = text.plist.xml; path = Info.plist; sourceTree = "<group>"; };
		B9D355E822CB95BB002C4AEC /* StitchTester-tvOS.entitlements */ = {isa = PBXFileReference; lastKnownFileType = text.plist.entitlements; path = "StitchTester-tvOS.entitlements"; sourceTree = "<group>"; };
		B9D355ED22CB9CB4002C4AEC /* StitchTester-watchOS.app */ = {isa = PBXFileReference; explicitFileType = wrapper.application; includeInIndex = 0; path = "StitchTester-watchOS.app"; sourceTree = BUILT_PRODUCTS_DIR; };
		B9D355F022CB9CB4002C4AEC /* StitchTester-watchOS WatchKit App.app */ = {isa = PBXFileReference; explicitFileType = wrapper.application; includeInIndex = 0; path = "StitchTester-watchOS WatchKit App.app"; sourceTree = BUILT_PRODUCTS_DIR; };
		B9D355F622CB9CB4002C4AEC /* Base */ = {isa = PBXFileReference; lastKnownFileType = file.storyboard; name = Base; path = Base.lproj/Interface.storyboard; sourceTree = "<group>"; };
		B9D355F822CB9CB5002C4AEC /* Assets.xcassets */ = {isa = PBXFileReference; lastKnownFileType = folder.assetcatalog; path = Assets.xcassets; sourceTree = "<group>"; };
		B9D355FA22CB9CB5002C4AEC /* Info.plist */ = {isa = PBXFileReference; lastKnownFileType = text.plist.xml; path = Info.plist; sourceTree = "<group>"; };
		B9D355FF22CB9CB5002C4AEC /* StitchTester-watchOS WatchKit Extension.appex */ = {isa = PBXFileReference; explicitFileType = "wrapper.app-extension"; includeInIndex = 0; path = "StitchTester-watchOS WatchKit Extension.appex"; sourceTree = BUILT_PRODUCTS_DIR; };
		B9D3560422CB9CB5002C4AEC /* InterfaceController.swift */ = {isa = PBXFileReference; lastKnownFileType = sourcecode.swift; path = InterfaceController.swift; sourceTree = "<group>"; };
		B9D3560622CB9CB5002C4AEC /* ExtensionDelegate.swift */ = {isa = PBXFileReference; lastKnownFileType = sourcecode.swift; path = ExtensionDelegate.swift; sourceTree = "<group>"; };
		B9D3560822CB9CB6002C4AEC /* Assets.xcassets */ = {isa = PBXFileReference; lastKnownFileType = folder.assetcatalog; path = Assets.xcassets; sourceTree = "<group>"; };
		B9D3560A22CB9CB6002C4AEC /* Info.plist */ = {isa = PBXFileReference; lastKnownFileType = text.plist.xml; path = Info.plist; sourceTree = "<group>"; };
		B9D3561622CB9CDE002C4AEC /* StitchTester-watchOS WatchKit Extension.entitlements */ = {isa = PBXFileReference; lastKnownFileType = text.plist.entitlements; path = "StitchTester-watchOS WatchKit Extension.entitlements"; sourceTree = "<group>"; };
		B9D748F222BC8C420058EDB9 /* StitchTesterTests.xctest */ = {isa = PBXFileReference; explicitFileType = wrapper.cfbundle; includeInIndex = 0; path = StitchTesterTests.xctest; sourceTree = BUILT_PRODUCTS_DIR; };
		B9D748F422BC8C420058EDB9 /* StitchNonSyncTests.swift */ = {isa = PBXFileReference; lastKnownFileType = sourcecode.swift; path = StitchNonSyncTests.swift; sourceTree = "<group>"; };
		B9D748F622BC8C420058EDB9 /* Info.plist */ = {isa = PBXFileReference; lastKnownFileType = text.plist.xml; path = Info.plist; sourceTree = "<group>"; };
		B9E3028022CB14CB00816A50 /* StitchTester-iOS.entitlements */ = {isa = PBXFileReference; lastKnownFileType = text.plist.entitlements; path = "StitchTester-iOS.entitlements"; sourceTree = "<group>"; };
		B9EE702D22C428E700AFF960 /* StitchSyncSystemTests.swift */ = {isa = PBXFileReference; lastKnownFileType = sourcecode.swift; path = StitchSyncSystemTests.swift; sourceTree = "<group>"; };
		B9F67BD822BCA5860092EEF1 /* StitchTests.swift */ = {isa = PBXFileReference; lastKnownFileType = sourcecode.swift; path = StitchTests.swift; sourceTree = "<group>"; };
		B9F986FF22CB126900E72151 /* StitchTester-iOS.app */ = {isa = PBXFileReference; explicitFileType = wrapper.application; includeInIndex = 0; path = "StitchTester-iOS.app"; sourceTree = BUILT_PRODUCTS_DIR; };
		B9F9870122CB126A00E72151 /* AppDelegate.swift */ = {isa = PBXFileReference; lastKnownFileType = sourcecode.swift; path = AppDelegate.swift; sourceTree = "<group>"; };
		B9F9870322CB126A00E72151 /* SceneDelegate.swift */ = {isa = PBXFileReference; lastKnownFileType = sourcecode.swift; path = SceneDelegate.swift; sourceTree = "<group>"; };
		B9F9870522CB126A00E72151 /* ViewController.swift */ = {isa = PBXFileReference; lastKnownFileType = sourcecode.swift; path = ViewController.swift; sourceTree = "<group>"; };
		B9F9870822CB126A00E72151 /* Base */ = {isa = PBXFileReference; lastKnownFileType = file.storyboard; name = Base; path = Base.lproj/Main.storyboard; sourceTree = "<group>"; };
		B9F9870A22CB126A00E72151 /* Assets.xcassets */ = {isa = PBXFileReference; lastKnownFileType = folder.assetcatalog; path = Assets.xcassets; sourceTree = "<group>"; };
		B9F9870D22CB126A00E72151 /* Base */ = {isa = PBXFileReference; lastKnownFileType = file.storyboard; name = Base; path = Base.lproj/LaunchScreen.storyboard; sourceTree = "<group>"; };
		B9F9870F22CB126A00E72151 /* Info.plist */ = {isa = PBXFileReference; lastKnownFileType = text.plist.xml; path = Info.plist; sourceTree = "<group>"; };
		B9F9871422CB126A00E72151 /* StitchTester-iOSTests.xctest */ = {isa = PBXFileReference; explicitFileType = wrapper.cfbundle; includeInIndex = 0; path = "StitchTester-iOSTests.xctest"; sourceTree = BUILT_PRODUCTS_DIR; };
		B9F9871A22CB126B00E72151 /* Info.plist */ = {isa = PBXFileReference; lastKnownFileType = text.plist.xml; path = Info.plist; sourceTree = "<group>"; };
/* End PBXFileReference section */

/* Begin PBXFrameworksBuildPhase section */
		B9C7570B22BC802A0086163A /* Frameworks */ = {
			isa = PBXFrameworksBuildPhase;
			buildActionMask = 2147483647;
			files = (
				B9C7573B22BC842D0086163A /* CloudKit.framework in Frameworks */,
				B9C7574722BC866B0086163A /* Stitch in Frameworks */,
			);
			runOnlyForDeploymentPostprocessing = 0;
		};
		B9D355C222CB9580002C4AEC /* Frameworks */ = {
			isa = PBXFrameworksBuildPhase;
			buildActionMask = 2147483647;
			files = (
				B9D355EA22CB9630002C4AEC /* Stitch in Frameworks */,
			);
			runOnlyForDeploymentPostprocessing = 0;
		};
		B9D355D222CB9582002C4AEC /* Frameworks */ = {
			isa = PBXFrameworksBuildPhase;
			buildActionMask = 2147483647;
			files = (
			);
			runOnlyForDeploymentPostprocessing = 0;
		};
		B9D355FC22CB9CB5002C4AEC /* Frameworks */ = {
			isa = PBXFrameworksBuildPhase;
			buildActionMask = 2147483647;
			files = (
				B9D3561E22CB9E80002C4AEC /* Stitch in Frameworks */,
			);
			runOnlyForDeploymentPostprocessing = 0;
		};
		B9D748EF22BC8C420058EDB9 /* Frameworks */ = {
			isa = PBXFrameworksBuildPhase;
			buildActionMask = 2147483647;
			files = (
			);
			runOnlyForDeploymentPostprocessing = 0;
		};
		B9F986FC22CB126900E72151 /* Frameworks */ = {
			isa = PBXFrameworksBuildPhase;
			buildActionMask = 2147483647;
			files = (
				B9F9872822CB12B300E72151 /* Stitch in Frameworks */,
			);
			runOnlyForDeploymentPostprocessing = 0;
		};
		B9F9871122CB126A00E72151 /* Frameworks */ = {
			isa = PBXFrameworksBuildPhase;
			buildActionMask = 2147483647;
			files = (
			);
			runOnlyForDeploymentPostprocessing = 0;
		};
/* End PBXFrameworksBuildPhase section */

/* Begin PBXGroup section */
		B9C7570522BC802A0086163A = {
			isa = PBXGroup;
			children = (
				B9C7573022BC81E10086163A /* Stitch */,
				B9C7571022BC802A0086163A /* Stitch */,
				B9D748F322BC8C420058EDB9 /* StitchTesterTests */,
				B9F9870022CB126A00E72151 /* StitchTester-iOS */,
				B9F9871722CB126B00E72151 /* StitchTester-iOSTests */,
				B9D355C622CB9580002C4AEC /* StitchTester-tvOS */,
				B9D355D822CB9582002C4AEC /* StitchTester-tvOSTests */,
				B9D355F422CB9CB4002C4AEC /* StitchTester-watchOS WatchKit App */,
				B9D3560322CB9CB5002C4AEC /* StitchTester-watchOS WatchKit Extension */,
				B9C7570F22BC802A0086163A /* Products */,
				B9C7573922BC842D0086163A /* Frameworks */,
			);
			sourceTree = "<group>";
		};
		B9C7570F22BC802A0086163A /* Products */ = {
			isa = PBXGroup;
			children = (
				B9C7570E22BC802A0086163A /* StitchTester.app */,
				B9D748F222BC8C420058EDB9 /* StitchTesterTests.xctest */,
				B9F986FF22CB126900E72151 /* StitchTester-iOS.app */,
				B9F9871422CB126A00E72151 /* StitchTester-iOSTests.xctest */,
				B9D355C522CB9580002C4AEC /* StitchTester-tvOS.app */,
				B9D355D522CB9582002C4AEC /* StitchTester-tvOSTests.xctest */,
				B9D355ED22CB9CB4002C4AEC /* StitchTester-watchOS.app */,
				B9D355F022CB9CB4002C4AEC /* StitchTester-watchOS WatchKit App.app */,
				B9D355FF22CB9CB5002C4AEC /* StitchTester-watchOS WatchKit Extension.appex */,
			);
			name = Products;
			sourceTree = "<group>";
		};
		B9C7571022BC802A0086163A /* Stitch */ = {
			isa = PBXGroup;
			children = (
				B9C7571122BC802A0086163A /* AppDelegate.swift */,
				B9C7571322BC802C0086163A /* Assets.xcassets */,
				B9C7571522BC802C0086163A /* Main.storyboard */,
				B9C7571822BC802C0086163A /* Info.plist */,
				B9C7571922BC802C0086163A /* Stitch.entitlements */,
			);
			path = Stitch;
			sourceTree = "<group>";
		};
		B9C7573922BC842D0086163A /* Frameworks */ = {
			isa = PBXGroup;
			children = (
				B9C7573A22BC842D0086163A /* CloudKit.framework */,
			);
			name = Frameworks;
			sourceTree = "<group>";
		};
		B9D355C622CB9580002C4AEC /* StitchTester-tvOS */ = {
			isa = PBXGroup;
			children = (
				B9D355E822CB95BB002C4AEC /* StitchTester-tvOS.entitlements */,
				B9D355C722CB9580002C4AEC /* AppDelegate.swift */,
				B9D355C922CB9580002C4AEC /* ViewController.swift */,
				B9D355CB22CB9580002C4AEC /* Main.storyboard */,
				B9D355CE22CB9581002C4AEC /* Assets.xcassets */,
				B9D355D022CB9581002C4AEC /* Info.plist */,
			);
			path = "StitchTester-tvOS";
			sourceTree = "<group>";
		};
		B9D355D822CB9582002C4AEC /* StitchTester-tvOSTests */ = {
			isa = PBXGroup;
			children = (
				B9D355DB22CB9582002C4AEC /* Info.plist */,
			);
			path = "StitchTester-tvOSTests";
			sourceTree = "<group>";
		};
		B9D355F422CB9CB4002C4AEC /* StitchTester-watchOS WatchKit App */ = {
			isa = PBXGroup;
			children = (
				B9D355F522CB9CB4002C4AEC /* Interface.storyboard */,
				B9D355F822CB9CB5002C4AEC /* Assets.xcassets */,
				B9D355FA22CB9CB5002C4AEC /* Info.plist */,
			);
			path = "StitchTester-watchOS WatchKit App";
			sourceTree = "<group>";
		};
		B9D3560322CB9CB5002C4AEC /* StitchTester-watchOS WatchKit Extension */ = {
			isa = PBXGroup;
			children = (
				B9D3561622CB9CDE002C4AEC /* StitchTester-watchOS WatchKit Extension.entitlements */,
				B9D3560422CB9CB5002C4AEC /* InterfaceController.swift */,
				B9D3560622CB9CB5002C4AEC /* ExtensionDelegate.swift */,
				B9D3560822CB9CB6002C4AEC /* Assets.xcassets */,
				B9D3560A22CB9CB6002C4AEC /* Info.plist */,
			);
			path = "StitchTester-watchOS WatchKit Extension";
			sourceTree = "<group>";
		};
		B9D748F322BC8C420058EDB9 /* StitchTesterTests */ = {
			isa = PBXGroup;
			children = (
				B943BA3722C534D900EC9547 /* StitchTesterRoot.swift */,
				B9D748F422BC8C420058EDB9 /* StitchNonSyncTests.swift */,
				B9F67BD822BCA5860092EEF1 /* StitchTests.swift */,
				B930847522C2C3CA0099E0A7 /* StitchCloudKitTests.swift */,
				B9EE702D22C428E700AFF960 /* StitchSyncSystemTests.swift */,
				B9CDF08222BD18F5004A52D3 /* TestModel.xcdatamodeld */,
				B9D748F622BC8C420058EDB9 /* Info.plist */,
			);
			path = StitchTesterTests;
			sourceTree = "<group>";
		};
		B9F9870022CB126A00E72151 /* StitchTester-iOS */ = {
			isa = PBXGroup;
			children = (
				B9E3028022CB14CB00816A50 /* StitchTester-iOS.entitlements */,
				B9F9870122CB126A00E72151 /* AppDelegate.swift */,
				B9F9870322CB126A00E72151 /* SceneDelegate.swift */,
				B9F9870522CB126A00E72151 /* ViewController.swift */,
				B9F9870722CB126A00E72151 /* Main.storyboard */,
				B9F9870A22CB126A00E72151 /* Assets.xcassets */,
				B9F9870C22CB126A00E72151 /* LaunchScreen.storyboard */,
				B9F9870F22CB126A00E72151 /* Info.plist */,
			);
			path = "StitchTester-iOS";
			sourceTree = "<group>";
		};
		B9F9871722CB126B00E72151 /* StitchTester-iOSTests */ = {
			isa = PBXGroup;
			children = (
				B9F9871A22CB126B00E72151 /* Info.plist */,
			);
			path = "StitchTester-iOSTests";
			sourceTree = "<group>";
		};
/* End PBXGroup section */

/* Begin PBXNativeTarget section */
		B9C7570D22BC802A0086163A /* StitchTester */ = {
			isa = PBXNativeTarget;
			buildConfigurationList = B9C7572722BC802C0086163A /* Build configuration list for PBXNativeTarget "StitchTester" */;
			buildPhases = (
				B9C7570A22BC802A0086163A /* Sources */,
				B9C7570B22BC802A0086163A /* Frameworks */,
				B9C7570C22BC802A0086163A /* Resources */,
				B9C7574422BC856A0086163A /* Embed Frameworks */,
			);
			buildRules = (
			);
			dependencies = (
			);
			name = StitchTester;
			packageProductDependencies = (
				B9C7574622BC866B0086163A /* Stitch */,
			);
			productName = Stitch;
			productReference = B9C7570E22BC802A0086163A /* StitchTester.app */;
			productType = "com.apple.product-type.application";
		};
		B9D355C422CB9580002C4AEC /* StitchTester-tvOS */ = {
			isa = PBXNativeTarget;
			buildConfigurationList = B9D355E022CB9582002C4AEC /* Build configuration list for PBXNativeTarget "StitchTester-tvOS" */;
			buildPhases = (
				B9D355C122CB9580002C4AEC /* Sources */,
				B9D355C222CB9580002C4AEC /* Frameworks */,
				B9D355C322CB9580002C4AEC /* Resources */,
			);
			buildRules = (
			);
			dependencies = (
			);
			name = "StitchTester-tvOS";
			packageProductDependencies = (
				B9D355E922CB9630002C4AEC /* Stitch */,
			);
			productName = "StitchTester-tvOS";
			productReference = B9D355C522CB9580002C4AEC /* StitchTester-tvOS.app */;
			productType = "com.apple.product-type.application";
		};
		B9D355D422CB9582002C4AEC /* StitchTester-tvOSTests */ = {
			isa = PBXNativeTarget;
			buildConfigurationList = B9D355E122CB9582002C4AEC /* Build configuration list for PBXNativeTarget "StitchTester-tvOSTests" */;
			buildPhases = (
				B9D355D122CB9582002C4AEC /* Sources */,
				B9D355D222CB9582002C4AEC /* Frameworks */,
				B9D355D322CB9582002C4AEC /* Resources */,
			);
			buildRules = (
			);
			dependencies = (
				B9D355D722CB9582002C4AEC /* PBXTargetDependency */,
			);
			name = "StitchTester-tvOSTests";
			productName = "StitchTester-tvOSTests";
			productReference = B9D355D522CB9582002C4AEC /* StitchTester-tvOSTests.xctest */;
			productType = "com.apple.product-type.bundle.unit-test";
		};
		B9D355EC22CB9CB4002C4AEC /* StitchTester-watchOS */ = {
			isa = PBXNativeTarget;
			buildConfigurationList = B9D3561322CB9CB6002C4AEC /* Build configuration list for PBXNativeTarget "StitchTester-watchOS" */;
			buildPhases = (
				B9D355EB22CB9CB4002C4AEC /* Resources */,
				B9D3561222CB9CB6002C4AEC /* Embed Watch Content */,
			);
			buildRules = (
			);
			dependencies = (
				B9D355F322CB9CB4002C4AEC /* PBXTargetDependency */,
			);
			name = "StitchTester-watchOS";
			productName = "StitchTester-watchOS";
			productReference = B9D355ED22CB9CB4002C4AEC /* StitchTester-watchOS.app */;
			productType = "com.apple.product-type.application.watchapp2-container";
		};
		B9D355EF22CB9CB4002C4AEC /* StitchTester-watchOS WatchKit App */ = {
			isa = PBXNativeTarget;
			buildConfigurationList = B9D3560F22CB9CB6002C4AEC /* Build configuration list for PBXNativeTarget "StitchTester-watchOS WatchKit App" */;
			buildPhases = (
				B9D355EE22CB9CB4002C4AEC /* Resources */,
				B9D3560E22CB9CB6002C4AEC /* Embed App Extensions */,
			);
			buildRules = (
			);
			dependencies = (
				B9D3560222CB9CB5002C4AEC /* PBXTargetDependency */,
			);
			name = "StitchTester-watchOS WatchKit App";
			productName = "StitchTester-watchOS WatchKit App";
			productReference = B9D355F022CB9CB4002C4AEC /* StitchTester-watchOS WatchKit App.app */;
			productType = "com.apple.product-type.application.watchapp2";
		};
		B9D355FE22CB9CB5002C4AEC /* StitchTester-watchOS WatchKit Extension */ = {
			isa = PBXNativeTarget;
			buildConfigurationList = B9D3560B22CB9CB6002C4AEC /* Build configuration list for PBXNativeTarget "StitchTester-watchOS WatchKit Extension" */;
			buildPhases = (
				B9D355FB22CB9CB5002C4AEC /* Sources */,
				B9D355FC22CB9CB5002C4AEC /* Frameworks */,
				B9D355FD22CB9CB5002C4AEC /* Resources */,
			);
			buildRules = (
			);
			dependencies = (
			);
			name = "StitchTester-watchOS WatchKit Extension";
			packageProductDependencies = (
				B9D3561D22CB9E80002C4AEC /* Stitch */,
			);
			productName = "StitchTester-watchOS WatchKit Extension";
			productReference = B9D355FF22CB9CB5002C4AEC /* StitchTester-watchOS WatchKit Extension.appex */;
			productType = "com.apple.product-type.watchkit2-extension";
		};
		B9D748F122BC8C420058EDB9 /* StitchTesterTests */ = {
			isa = PBXNativeTarget;
			buildConfigurationList = B9D748F922BC8C420058EDB9 /* Build configuration list for PBXNativeTarget "StitchTesterTests" */;
			buildPhases = (
				B9D748EE22BC8C420058EDB9 /* Sources */,
				B9D748EF22BC8C420058EDB9 /* Frameworks */,
				B9D748F022BC8C420058EDB9 /* Resources */,
			);
			buildRules = (
			);
			dependencies = (
				B9D748F822BC8C420058EDB9 /* PBXTargetDependency */,
			);
			name = StitchTesterTests;
			productName = StitchTesterTests;
			productReference = B9D748F222BC8C420058EDB9 /* StitchTesterTests.xctest */;
			productType = "com.apple.product-type.bundle.unit-test";
		};
		B9F986FE22CB126900E72151 /* StitchTester-iOS */ = {
			isa = PBXNativeTarget;
			buildConfigurationList = B9F9871F22CB126B00E72151 /* Build configuration list for PBXNativeTarget "StitchTester-iOS" */;
			buildPhases = (
				B9F986FB22CB126900E72151 /* Sources */,
				B9F986FC22CB126900E72151 /* Frameworks */,
				B9F986FD22CB126900E72151 /* Resources */,
			);
			buildRules = (
			);
			dependencies = (
			);
			name = "StitchTester-iOS";
			packageProductDependencies = (
				B9F9872722CB12B300E72151 /* Stitch */,
			);
			productName = "StitchTester-iOS";
			productReference = B9F986FF22CB126900E72151 /* StitchTester-iOS.app */;
			productType = "com.apple.product-type.application";
		};
		B9F9871322CB126A00E72151 /* StitchTester-iOSTests */ = {
			isa = PBXNativeTarget;
			buildConfigurationList = B9F9872022CB126B00E72151 /* Build configuration list for PBXNativeTarget "StitchTester-iOSTests" */;
			buildPhases = (
				B9F9871022CB126A00E72151 /* Sources */,
				B9F9871122CB126A00E72151 /* Frameworks */,
				B9F9871222CB126A00E72151 /* Resources */,
			);
			buildRules = (
			);
			dependencies = (
				B9F9871622CB126B00E72151 /* PBXTargetDependency */,
			);
			name = "StitchTester-iOSTests";
			productName = "StitchTester-iOSTests";
			productReference = B9F9871422CB126A00E72151 /* StitchTester-iOSTests.xctest */;
			productType = "com.apple.product-type.bundle.unit-test";
		};
/* End PBXNativeTarget section */

/* Begin PBXProject section */
		B9C7570622BC802A0086163A /* Project object */ = {
			isa = PBXProject;
			attributes = {
				LastSwiftUpdateCheck = 1100;
				LastUpgradeCheck = 1100;
				ORGANIZATIONNAME = "Dark Chocolate Software, LLC";
				TargetAttributes = {
					B9C7570D22BC802A0086163A = {
						CreatedOnToolsVersion = 11.0;
					};
					B9D355C422CB9580002C4AEC = {
						CreatedOnToolsVersion = 11.0;
					};
					B9D355D422CB9582002C4AEC = {
						CreatedOnToolsVersion = 11.0;
						TestTargetID = B9D355C422CB9580002C4AEC;
					};
					B9D355EC22CB9CB4002C4AEC = {
						CreatedOnToolsVersion = 11.0;
					};
					B9D355EF22CB9CB4002C4AEC = {
						CreatedOnToolsVersion = 11.0;
					};
					B9D355FE22CB9CB5002C4AEC = {
						CreatedOnToolsVersion = 11.0;
					};
					B9D748F122BC8C420058EDB9 = {
						CreatedOnToolsVersion = 11.0;
						TestTargetID = B9C7570D22BC802A0086163A;
					};
					B9F986FE22CB126900E72151 = {
						CreatedOnToolsVersion = 11.0;
					};
					B9F9871322CB126A00E72151 = {
						CreatedOnToolsVersion = 11.0;
						TestTargetID = B9F986FE22CB126900E72151;
					};
				};
			};
			buildConfigurationList = B9C7570922BC802A0086163A /* Build configuration list for PBXProject "Stitch" */;
			compatibilityVersion = "Xcode 9.3";
			developmentRegion = en;
			hasScannedForEncodings = 0;
			knownRegions = (
				en,
				Base,
			);
			mainGroup = B9C7570522BC802A0086163A;
			productRefGroup = B9C7570F22BC802A0086163A /* Products */;
			projectDirPath = "";
			projectRoot = "";
			targets = (
				B9C7570D22BC802A0086163A /* StitchTester */,
				B9D748F122BC8C420058EDB9 /* StitchTesterTests */,
				B9F986FE22CB126900E72151 /* StitchTester-iOS */,
				B9F9871322CB126A00E72151 /* StitchTester-iOSTests */,
				B9D355C422CB9580002C4AEC /* StitchTester-tvOS */,
				B9D355D422CB9582002C4AEC /* StitchTester-tvOSTests */,
				B9D355EC22CB9CB4002C4AEC /* StitchTester-watchOS */,
				B9D355EF22CB9CB4002C4AEC /* StitchTester-watchOS WatchKit App */,
				B9D355FE22CB9CB5002C4AEC /* StitchTester-watchOS WatchKit Extension */,
			);
		};
/* End PBXProject section */

/* Begin PBXResourcesBuildPhase section */
		B9C7570C22BC802A0086163A /* Resources */ = {
			isa = PBXResourcesBuildPhase;
			buildActionMask = 2147483647;
			files = (
				B9C7571422BC802C0086163A /* Assets.xcassets in Resources */,
				B9C7571722BC802C0086163A /* Main.storyboard in Resources */,
			);
			runOnlyForDeploymentPostprocessing = 0;
		};
		B9D355C322CB9580002C4AEC /* Resources */ = {
			isa = PBXResourcesBuildPhase;
			buildActionMask = 2147483647;
			files = (
				B9D355CF22CB9581002C4AEC /* Assets.xcassets in Resources */,
				B9D355CD22CB9580002C4AEC /* Main.storyboard in Resources */,
			);
			runOnlyForDeploymentPostprocessing = 0;
		};
		B9D355D322CB9582002C4AEC /* Resources */ = {
			isa = PBXResourcesBuildPhase;
			buildActionMask = 2147483647;
			files = (
			);
			runOnlyForDeploymentPostprocessing = 0;
		};
		B9D355EB22CB9CB4002C4AEC /* Resources */ = {
			isa = PBXResourcesBuildPhase;
			buildActionMask = 2147483647;
			files = (
			);
			runOnlyForDeploymentPostprocessing = 0;
		};
		B9D355EE22CB9CB4002C4AEC /* Resources */ = {
			isa = PBXResourcesBuildPhase;
			buildActionMask = 2147483647;
			files = (
				B9D355F922CB9CB5002C4AEC /* Assets.xcassets in Resources */,
				B9D355F722CB9CB4002C4AEC /* Interface.storyboard in Resources */,
			);
			runOnlyForDeploymentPostprocessing = 0;
		};
		B9D355FD22CB9CB5002C4AEC /* Resources */ = {
			isa = PBXResourcesBuildPhase;
			buildActionMask = 2147483647;
			files = (
				B9D3560922CB9CB6002C4AEC /* Assets.xcassets in Resources */,
			);
			runOnlyForDeploymentPostprocessing = 0;
		};
		B9D748F022BC8C420058EDB9 /* Resources */ = {
			isa = PBXResourcesBuildPhase;
			buildActionMask = 2147483647;
			files = (
			);
			runOnlyForDeploymentPostprocessing = 0;
		};
		B9F986FD22CB126900E72151 /* Resources */ = {
			isa = PBXResourcesBuildPhase;
			buildActionMask = 2147483647;
			files = (
				B9F9870E22CB126A00E72151 /* LaunchScreen.storyboard in Resources */,
				B9F9870B22CB126A00E72151 /* Assets.xcassets in Resources */,
				B9F9870922CB126A00E72151 /* Main.storyboard in Resources */,
			);
			runOnlyForDeploymentPostprocessing = 0;
		};
		B9F9871222CB126A00E72151 /* Resources */ = {
			isa = PBXResourcesBuildPhase;
			buildActionMask = 2147483647;
			files = (
			);
			runOnlyForDeploymentPostprocessing = 0;
		};
/* End PBXResourcesBuildPhase section */

/* Begin PBXSourcesBuildPhase section */
		B9C7570A22BC802A0086163A /* Sources */ = {
			isa = PBXSourcesBuildPhase;
			buildActionMask = 2147483647;
			files = (
				B9C7571222BC802A0086163A /* AppDelegate.swift in Sources */,
			);
			runOnlyForDeploymentPostprocessing = 0;
		};
		B9D355C122CB9580002C4AEC /* Sources */ = {
			isa = PBXSourcesBuildPhase;
			buildActionMask = 2147483647;
			files = (
				B9D355CA22CB9580002C4AEC /* ViewController.swift in Sources */,
				B9D355C822CB9580002C4AEC /* AppDelegate.swift in Sources */,
			);
			runOnlyForDeploymentPostprocessing = 0;
		};
		B9D355D122CB9582002C4AEC /* Sources */ = {
			isa = PBXSourcesBuildPhase;
			buildActionMask = 2147483647;
			files = (
				B9D355E222CB959B002C4AEC /* StitchTesterRoot.swift in Sources */,
				B9D355E622CB959B002C4AEC /* StitchSyncSystemTests.swift in Sources */,
				B9D355E522CB959B002C4AEC /* StitchCloudKitTests.swift in Sources */,
				B9D355E722CB959F002C4AEC /* TestModel.xcdatamodeld in Sources */,
				B9D355E322CB959B002C4AEC /* StitchNonSyncTests.swift in Sources */,
				B9D355E422CB959B002C4AEC /* StitchTests.swift in Sources */,
			);
			runOnlyForDeploymentPostprocessing = 0;
		};
		B9D355FB22CB9CB5002C4AEC /* Sources */ = {
			isa = PBXSourcesBuildPhase;
			buildActionMask = 2147483647;
			files = (
				B9544F2522CBCC5500C5ED29 /* TestModel.xcdatamodeld in Sources */,
				B9D3560722CB9CB5002C4AEC /* ExtensionDelegate.swift in Sources */,
				B9D3560522CB9CB5002C4AEC /* InterfaceController.swift in Sources */,
			);
			runOnlyForDeploymentPostprocessing = 0;
		};
		B9D748EE22BC8C420058EDB9 /* Sources */ = {
			isa = PBXSourcesBuildPhase;
			buildActionMask = 2147483647;
			files = (
				B9CDF08422BD18F5004A52D3 /* TestModel.xcdatamodeld in Sources */,
				B9EE702E22C428E700AFF960 /* StitchSyncSystemTests.swift in Sources */,
				B930847622C2C3CA0099E0A7 /* StitchCloudKitTests.swift in Sources */,
				B943BA3822C534D900EC9547 /* StitchTesterRoot.swift in Sources */,
				B9F67BD922BCA5860092EEF1 /* StitchTests.swift in Sources */,
				B9D748F522BC8C420058EDB9 /* StitchNonSyncTests.swift in Sources */,
			);
			runOnlyForDeploymentPostprocessing = 0;
		};
		B9F986FB22CB126900E72151 /* Sources */ = {
			isa = PBXSourcesBuildPhase;
			buildActionMask = 2147483647;
			files = (
				B9F9870622CB126A00E72151 /* ViewController.swift in Sources */,
				B9F9870222CB126A00E72151 /* AppDelegate.swift in Sources */,
				B9F9870422CB126A00E72151 /* SceneDelegate.swift in Sources */,
			);
			runOnlyForDeploymentPostprocessing = 0;
		};
		B9F9871022CB126A00E72151 /* Sources */ = {
			isa = PBXSourcesBuildPhase;
			buildActionMask = 2147483647;
			files = (
				B9F9872622CB128500E72151 /* TestModel.xcdatamodeld in Sources */,
				B9F9872222CB127F00E72151 /* StitchNonSyncTests.swift in Sources */,
				B9F9872522CB127F00E72151 /* StitchSyncSystemTests.swift in Sources */,
				B9F9872322CB127F00E72151 /* StitchTests.swift in Sources */,
				B9F9872422CB127F00E72151 /* StitchCloudKitTests.swift in Sources */,
				B9F9872122CB127F00E72151 /* StitchTesterRoot.swift in Sources */,
			);
			runOnlyForDeploymentPostprocessing = 0;
		};
/* End PBXSourcesBuildPhase section */

/* Begin PBXTargetDependency section */
		B9D355D722CB9582002C4AEC /* PBXTargetDependency */ = {
			isa = PBXTargetDependency;
			target = B9D355C422CB9580002C4AEC /* StitchTester-tvOS */;
			targetProxy = B9D355D622CB9582002C4AEC /* PBXContainerItemProxy */;
		};
		B9D355F322CB9CB4002C4AEC /* PBXTargetDependency */ = {
			isa = PBXTargetDependency;
			target = B9D355EF22CB9CB4002C4AEC /* StitchTester-watchOS WatchKit App */;
			targetProxy = B9D355F222CB9CB4002C4AEC /* PBXContainerItemProxy */;
		};
		B9D3560222CB9CB5002C4AEC /* PBXTargetDependency */ = {
			isa = PBXTargetDependency;
			target = B9D355FE22CB9CB5002C4AEC /* StitchTester-watchOS WatchKit Extension */;
			targetProxy = B9D3560122CB9CB5002C4AEC /* PBXContainerItemProxy */;
		};
		B9D748F822BC8C420058EDB9 /* PBXTargetDependency */ = {
			isa = PBXTargetDependency;
			target = B9C7570D22BC802A0086163A /* StitchTester */;
			targetProxy = B9D748F722BC8C420058EDB9 /* PBXContainerItemProxy */;
		};
		B9F9871622CB126B00E72151 /* PBXTargetDependency */ = {
			isa = PBXTargetDependency;
			target = B9F986FE22CB126900E72151 /* StitchTester-iOS */;
			targetProxy = B9F9871522CB126B00E72151 /* PBXContainerItemProxy */;
		};
/* End PBXTargetDependency section */

/* Begin PBXVariantGroup section */
		B9C7571522BC802C0086163A /* Main.storyboard */ = {
			isa = PBXVariantGroup;
			children = (
				B9C7571622BC802C0086163A /* Base */,
			);
			name = Main.storyboard;
			sourceTree = "<group>";
		};
		B9D355CB22CB9580002C4AEC /* Main.storyboard */ = {
			isa = PBXVariantGroup;
			children = (
				B9D355CC22CB9580002C4AEC /* Base */,
			);
			name = Main.storyboard;
			sourceTree = "<group>";
		};
		B9D355F522CB9CB4002C4AEC /* Interface.storyboard */ = {
			isa = PBXVariantGroup;
			children = (
				B9D355F622CB9CB4002C4AEC /* Base */,
			);
			name = Interface.storyboard;
			sourceTree = "<group>";
		};
		B9F9870722CB126A00E72151 /* Main.storyboard */ = {
			isa = PBXVariantGroup;
			children = (
				B9F9870822CB126A00E72151 /* Base */,
			);
			name = Main.storyboard;
			sourceTree = "<group>";
		};
		B9F9870C22CB126A00E72151 /* LaunchScreen.storyboard */ = {
			isa = PBXVariantGroup;
			children = (
				B9F9870D22CB126A00E72151 /* Base */,
			);
			name = LaunchScreen.storyboard;
			sourceTree = "<group>";
		};
/* End PBXVariantGroup section */

/* Begin XCBuildConfiguration section */
		B9C7572522BC802C0086163A /* Debug */ = {
			isa = XCBuildConfiguration;
			buildSettings = {
				ALWAYS_SEARCH_USER_PATHS = NO;
				CLANG_ANALYZER_NONNULL = YES;
				CLANG_ANALYZER_NUMBER_OBJECT_CONVERSION = YES_AGGRESSIVE;
				CLANG_CXX_LANGUAGE_STANDARD = "gnu++14";
				CLANG_CXX_LIBRARY = "libc++";
				CLANG_ENABLE_MODULES = YES;
				CLANG_ENABLE_OBJC_ARC = YES;
				CLANG_ENABLE_OBJC_WEAK = YES;
				CLANG_WARN_BLOCK_CAPTURE_AUTORELEASING = YES;
				CLANG_WARN_BOOL_CONVERSION = YES;
				CLANG_WARN_COMMA = YES;
				CLANG_WARN_CONSTANT_CONVERSION = YES;
				CLANG_WARN_DEPRECATED_OBJC_IMPLEMENTATIONS = YES;
				CLANG_WARN_DIRECT_OBJC_ISA_USAGE = YES_ERROR;
				CLANG_WARN_DOCUMENTATION_COMMENTS = YES;
				CLANG_WARN_EMPTY_BODY = YES;
				CLANG_WARN_ENUM_CONVERSION = YES;
				CLANG_WARN_INFINITE_RECURSION = YES;
				CLANG_WARN_INT_CONVERSION = YES;
				CLANG_WARN_NON_LITERAL_NULL_CONVERSION = YES;
				CLANG_WARN_OBJC_IMPLICIT_RETAIN_SELF = YES;
				CLANG_WARN_OBJC_LITERAL_CONVERSION = YES;
				CLANG_WARN_OBJC_ROOT_CLASS = YES_ERROR;
				CLANG_WARN_RANGE_LOOP_ANALYSIS = YES;
				CLANG_WARN_STRICT_PROTOTYPES = YES;
				CLANG_WARN_SUSPICIOUS_MOVE = YES;
				CLANG_WARN_UNGUARDED_AVAILABILITY = YES_AGGRESSIVE;
				CLANG_WARN_UNREACHABLE_CODE = YES;
				CLANG_WARN__DUPLICATE_METHOD_MATCH = YES;
				COPY_PHASE_STRIP = NO;
				DEBUG_INFORMATION_FORMAT = dwarf;
				ENABLE_STRICT_OBJC_MSGSEND = YES;
				ENABLE_TESTABILITY = YES;
				GCC_C_LANGUAGE_STANDARD = gnu11;
				GCC_DYNAMIC_NO_PIC = NO;
				GCC_NO_COMMON_BLOCKS = YES;
				GCC_OPTIMIZATION_LEVEL = 0;
				GCC_PREPROCESSOR_DEFINITIONS = (
					"DEBUG=1",
					"$(inherited)",
				);
				GCC_WARN_64_TO_32_BIT_CONVERSION = YES;
				GCC_WARN_ABOUT_RETURN_TYPE = YES_ERROR;
				GCC_WARN_UNDECLARED_SELECTOR = YES;
				GCC_WARN_UNINITIALIZED_AUTOS = YES_AGGRESSIVE;
				GCC_WARN_UNUSED_FUNCTION = YES;
				GCC_WARN_UNUSED_VARIABLE = YES;
				MACOSX_DEPLOYMENT_TARGET = 10.14;
				MTL_ENABLE_DEBUG_INFO = INCLUDE_SOURCE;
				MTL_FAST_MATH = YES;
				ONLY_ACTIVE_ARCH = YES;
				SDKROOT = macosx;
				SWIFT_ACTIVE_COMPILATION_CONDITIONS = DEBUG;
				SWIFT_OPTIMIZATION_LEVEL = "-Onone";
			};
			name = Debug;
		};
		B9C7572622BC802C0086163A /* Release */ = {
			isa = XCBuildConfiguration;
			buildSettings = {
				ALWAYS_SEARCH_USER_PATHS = NO;
				CLANG_ANALYZER_NONNULL = YES;
				CLANG_ANALYZER_NUMBER_OBJECT_CONVERSION = YES_AGGRESSIVE;
				CLANG_CXX_LANGUAGE_STANDARD = "gnu++14";
				CLANG_CXX_LIBRARY = "libc++";
				CLANG_ENABLE_MODULES = YES;
				CLANG_ENABLE_OBJC_ARC = YES;
				CLANG_ENABLE_OBJC_WEAK = YES;
				CLANG_WARN_BLOCK_CAPTURE_AUTORELEASING = YES;
				CLANG_WARN_BOOL_CONVERSION = YES;
				CLANG_WARN_COMMA = YES;
				CLANG_WARN_CONSTANT_CONVERSION = YES;
				CLANG_WARN_DEPRECATED_OBJC_IMPLEMENTATIONS = YES;
				CLANG_WARN_DIRECT_OBJC_ISA_USAGE = YES_ERROR;
				CLANG_WARN_DOCUMENTATION_COMMENTS = YES;
				CLANG_WARN_EMPTY_BODY = YES;
				CLANG_WARN_ENUM_CONVERSION = YES;
				CLANG_WARN_INFINITE_RECURSION = YES;
				CLANG_WARN_INT_CONVERSION = YES;
				CLANG_WARN_NON_LITERAL_NULL_CONVERSION = YES;
				CLANG_WARN_OBJC_IMPLICIT_RETAIN_SELF = YES;
				CLANG_WARN_OBJC_LITERAL_CONVERSION = YES;
				CLANG_WARN_OBJC_ROOT_CLASS = YES_ERROR;
				CLANG_WARN_RANGE_LOOP_ANALYSIS = YES;
				CLANG_WARN_STRICT_PROTOTYPES = YES;
				CLANG_WARN_SUSPICIOUS_MOVE = YES;
				CLANG_WARN_UNGUARDED_AVAILABILITY = YES_AGGRESSIVE;
				CLANG_WARN_UNREACHABLE_CODE = YES;
				CLANG_WARN__DUPLICATE_METHOD_MATCH = YES;
				COPY_PHASE_STRIP = NO;
				DEBUG_INFORMATION_FORMAT = "dwarf-with-dsym";
				ENABLE_NS_ASSERTIONS = NO;
				ENABLE_STRICT_OBJC_MSGSEND = YES;
				GCC_C_LANGUAGE_STANDARD = gnu11;
				GCC_NO_COMMON_BLOCKS = YES;
				GCC_WARN_64_TO_32_BIT_CONVERSION = YES;
				GCC_WARN_ABOUT_RETURN_TYPE = YES_ERROR;
				GCC_WARN_UNDECLARED_SELECTOR = YES;
				GCC_WARN_UNINITIALIZED_AUTOS = YES_AGGRESSIVE;
				GCC_WARN_UNUSED_FUNCTION = YES;
				GCC_WARN_UNUSED_VARIABLE = YES;
				MACOSX_DEPLOYMENT_TARGET = 10.14;
				MTL_ENABLE_DEBUG_INFO = NO;
				MTL_FAST_MATH = YES;
				SDKROOT = macosx;
				SWIFT_COMPILATION_MODE = wholemodule;
				SWIFT_OPTIMIZATION_LEVEL = "-O";
			};
			name = Release;
		};
		B9C7572822BC802C0086163A /* Debug */ = {
			isa = XCBuildConfiguration;
			buildSettings = {
				ASSETCATALOG_COMPILER_APPICON_NAME = AppIcon;
				CODE_SIGN_ENTITLEMENTS = Stitch/Stitch.entitlements;
				CODE_SIGN_STYLE = Automatic;
				COMBINE_HIDPI_IMAGES = YES;
				DEVELOPMENT_TEAM = 68GDTXVT88;
				ENABLE_HARDENED_RUNTIME = YES;
				INFOPLIST_FILE = Stitch/Info.plist;
				LD_RUNPATH_SEARCH_PATHS = (
					"$(inherited)",
					"@executable_path/../Frameworks",
				);
				MACOSX_DEPLOYMENT_TARGET = 10.12;
				PRODUCT_BUNDLE_IDENTIFIER = com.darkchocolatesoftware.StitchTester;
				PRODUCT_NAME = "$(TARGET_NAME)";
				SWIFT_VERSION = 5.0;
			};
			name = Debug;
		};
		B9C7572922BC802C0086163A /* Release */ = {
			isa = XCBuildConfiguration;
			buildSettings = {
				ASSETCATALOG_COMPILER_APPICON_NAME = AppIcon;
				CODE_SIGN_ENTITLEMENTS = Stitch/Stitch.entitlements;
				CODE_SIGN_STYLE = Automatic;
				COMBINE_HIDPI_IMAGES = YES;
				DEVELOPMENT_TEAM = 68GDTXVT88;
				ENABLE_HARDENED_RUNTIME = YES;
				INFOPLIST_FILE = Stitch/Info.plist;
				LD_RUNPATH_SEARCH_PATHS = (
					"$(inherited)",
					"@executable_path/../Frameworks",
				);
				MACOSX_DEPLOYMENT_TARGET = 10.12;
				PRODUCT_BUNDLE_IDENTIFIER = com.darkchocolatesoftware.StitchTester;
				PRODUCT_NAME = "$(TARGET_NAME)";
				SWIFT_VERSION = 5.0;
			};
			name = Release;
		};
		B9D355DC22CB9582002C4AEC /* Debug */ = {
			isa = XCBuildConfiguration;
			buildSettings = {
				ASSETCATALOG_COMPILER_APPICON_NAME = "App Icon & Top Shelf Image";
				ASSETCATALOG_COMPILER_LAUNCHIMAGE_NAME = LaunchImage;
				CODE_SIGN_ENTITLEMENTS = "StitchTester-tvOS/StitchTester-tvOS.entitlements";
				CODE_SIGN_STYLE = Automatic;
				DEVELOPMENT_TEAM = 68GDTXVT88;
				INFOPLIST_FILE = "StitchTester-tvOS/Info.plist";
				LD_RUNPATH_SEARCH_PATHS = (
					"$(inherited)",
					"@executable_path/Frameworks",
				);
				PRODUCT_BUNDLE_IDENTIFIER = "com.darkchocolatesoftware.StitchTester-tvOS";
				PRODUCT_NAME = "$(TARGET_NAME)";
				SDKROOT = appletvos;
				SWIFT_VERSION = 5.0;
				TARGETED_DEVICE_FAMILY = 3;
				TVOS_DEPLOYMENT_TARGET = 10.0;
			};
			name = Debug;
		};
		B9D355DD22CB9582002C4AEC /* Release */ = {
			isa = XCBuildConfiguration;
			buildSettings = {
				ASSETCATALOG_COMPILER_APPICON_NAME = "App Icon & Top Shelf Image";
				ASSETCATALOG_COMPILER_LAUNCHIMAGE_NAME = LaunchImage;
				CODE_SIGN_ENTITLEMENTS = "StitchTester-tvOS/StitchTester-tvOS.entitlements";
				CODE_SIGN_STYLE = Automatic;
				DEVELOPMENT_TEAM = 68GDTXVT88;
				INFOPLIST_FILE = "StitchTester-tvOS/Info.plist";
				LD_RUNPATH_SEARCH_PATHS = (
					"$(inherited)",
					"@executable_path/Frameworks",
				);
				PRODUCT_BUNDLE_IDENTIFIER = "com.darkchocolatesoftware.StitchTester-tvOS";
				PRODUCT_NAME = "$(TARGET_NAME)";
				SDKROOT = appletvos;
				SWIFT_VERSION = 5.0;
				TARGETED_DEVICE_FAMILY = 3;
				TVOS_DEPLOYMENT_TARGET = 10.0;
				VALIDATE_PRODUCT = YES;
			};
			name = Release;
		};
		B9D355DE22CB9582002C4AEC /* Debug */ = {
			isa = XCBuildConfiguration;
			buildSettings = {
				ALWAYS_EMBED_SWIFT_STANDARD_LIBRARIES = YES;
				BUNDLE_LOADER = "$(TEST_HOST)";
				CODE_SIGN_STYLE = Automatic;
				DEVELOPMENT_TEAM = 68GDTXVT88;
				INFOPLIST_FILE = "StitchTester-tvOSTests/Info.plist";
				LD_RUNPATH_SEARCH_PATHS = (
					"$(inherited)",
					"@executable_path/Frameworks",
					"@loader_path/Frameworks",
				);
				MOMC_NO_INVERSE_RELATIONSHIP_WARNINGS = YES;
				PRODUCT_BUNDLE_IDENTIFIER = "com.darkchocolatesoftware.StitchTester-tvOSTests";
				PRODUCT_NAME = "$(TARGET_NAME)";
				SDKROOT = appletvos;
				SWIFT_VERSION = 5.0;
				TARGETED_DEVICE_FAMILY = 3;
				TEST_HOST = "$(BUILT_PRODUCTS_DIR)/StitchTester-tvOS.app/StitchTester-tvOS";
				TVOS_DEPLOYMENT_TARGET = 13.0;
			};
			name = Debug;
		};
		B9D355DF22CB9582002C4AEC /* Release */ = {
			isa = XCBuildConfiguration;
			buildSettings = {
				ALWAYS_EMBED_SWIFT_STANDARD_LIBRARIES = YES;
				BUNDLE_LOADER = "$(TEST_HOST)";
				CODE_SIGN_STYLE = Automatic;
				DEVELOPMENT_TEAM = 68GDTXVT88;
				INFOPLIST_FILE = "StitchTester-tvOSTests/Info.plist";
				LD_RUNPATH_SEARCH_PATHS = (
					"$(inherited)",
					"@executable_path/Frameworks",
					"@loader_path/Frameworks",
				);
				MOMC_NO_INVERSE_RELATIONSHIP_WARNINGS = YES;
				PRODUCT_BUNDLE_IDENTIFIER = "com.darkchocolatesoftware.StitchTester-tvOSTests";
				PRODUCT_NAME = "$(TARGET_NAME)";
				SDKROOT = appletvos;
				SWIFT_VERSION = 5.0;
				TARGETED_DEVICE_FAMILY = 3;
				TEST_HOST = "$(BUILT_PRODUCTS_DIR)/StitchTester-tvOS.app/StitchTester-tvOS";
				TVOS_DEPLOYMENT_TARGET = 13.0;
				VALIDATE_PRODUCT = YES;
			};
			name = Release;
		};
		B9D3560C22CB9CB6002C4AEC /* Debug */ = {
			isa = XCBuildConfiguration;
			buildSettings = {
				ASSETCATALOG_COMPILER_COMPLICATION_NAME = Complication;
				CODE_SIGN_ENTITLEMENTS = "StitchTester-watchOS WatchKit Extension/StitchTester-watchOS WatchKit Extension.entitlements";
				CODE_SIGN_STYLE = Automatic;
				DEVELOPMENT_TEAM = 68GDTXVT88;
				INFOPLIST_FILE = "StitchTester-watchOS WatchKit Extension/Info.plist";
				LD_RUNPATH_SEARCH_PATHS = (
					"$(inherited)",
					"@executable_path/Frameworks",
					"@executable_path/../../Frameworks",
				);
				MOMC_NO_INVERSE_RELATIONSHIP_WARNINGS = YES;
				PRODUCT_BUNDLE_IDENTIFIER = "com.darkchocolatesoftware.StitchTester-watchOS.watchkitapp.watchkitextension";
				PRODUCT_NAME = "${TARGET_NAME}";
				SDKROOT = watchos;
				SKIP_INSTALL = YES;
				SWIFT_VERSION = 5.0;
				TARGETED_DEVICE_FAMILY = 4;
				WATCHOS_DEPLOYMENT_TARGET = 5.0;
			};
			name = Debug;
		};
		B9D3560D22CB9CB6002C4AEC /* Release */ = {
			isa = XCBuildConfiguration;
			buildSettings = {
				ASSETCATALOG_COMPILER_COMPLICATION_NAME = Complication;
				CODE_SIGN_ENTITLEMENTS = "StitchTester-watchOS WatchKit Extension/StitchTester-watchOS WatchKit Extension.entitlements";
				CODE_SIGN_STYLE = Automatic;
				DEVELOPMENT_TEAM = 68GDTXVT88;
				INFOPLIST_FILE = "StitchTester-watchOS WatchKit Extension/Info.plist";
				LD_RUNPATH_SEARCH_PATHS = (
					"$(inherited)",
					"@executable_path/Frameworks",
					"@executable_path/../../Frameworks",
				);
				MOMC_NO_INVERSE_RELATIONSHIP_WARNINGS = YES;
				PRODUCT_BUNDLE_IDENTIFIER = "com.darkchocolatesoftware.StitchTester-watchOS.watchkitapp.watchkitextension";
				PRODUCT_NAME = "${TARGET_NAME}";
				SDKROOT = watchos;
				SKIP_INSTALL = YES;
				SWIFT_VERSION = 5.0;
				TARGETED_DEVICE_FAMILY = 4;
				VALIDATE_PRODUCT = YES;
				WATCHOS_DEPLOYMENT_TARGET = 5.0;
			};
			name = Release;
		};
		B9D3561022CB9CB6002C4AEC /* Debug */ = {
			isa = XCBuildConfiguration;
			buildSettings = {
				ALWAYS_EMBED_SWIFT_STANDARD_LIBRARIES = YES;
				ASSETCATALOG_COMPILER_APPICON_NAME = AppIcon;
				CODE_SIGN_STYLE = Automatic;
				DEVELOPMENT_TEAM = 68GDTXVT88;
				IBSC_MODULE = StitchTester_watchOS_WatchKit_Extension;
				INFOPLIST_FILE = "StitchTester-watchOS WatchKit App/Info.plist";
				PRODUCT_BUNDLE_IDENTIFIER = "com.darkchocolatesoftware.StitchTester-watchOS.watchkitapp";
				PRODUCT_NAME = "$(TARGET_NAME)";
				SDKROOT = watchos;
				SKIP_INSTALL = YES;
				SWIFT_VERSION = 5.0;
				TARGETED_DEVICE_FAMILY = 4;
				WATCHOS_DEPLOYMENT_TARGET = 5.0;
			};
			name = Debug;
		};
		B9D3561122CB9CB6002C4AEC /* Release */ = {
			isa = XCBuildConfiguration;
			buildSettings = {
				ALWAYS_EMBED_SWIFT_STANDARD_LIBRARIES = YES;
				ASSETCATALOG_COMPILER_APPICON_NAME = AppIcon;
				CODE_SIGN_STYLE = Automatic;
				DEVELOPMENT_TEAM = 68GDTXVT88;
				IBSC_MODULE = StitchTester_watchOS_WatchKit_Extension;
				INFOPLIST_FILE = "StitchTester-watchOS WatchKit App/Info.plist";
				PRODUCT_BUNDLE_IDENTIFIER = "com.darkchocolatesoftware.StitchTester-watchOS.watchkitapp";
				PRODUCT_NAME = "$(TARGET_NAME)";
				SDKROOT = watchos;
				SKIP_INSTALL = YES;
				SWIFT_VERSION = 5.0;
				TARGETED_DEVICE_FAMILY = 4;
				VALIDATE_PRODUCT = YES;
				WATCHOS_DEPLOYMENT_TARGET = 5.0;
			};
			name = Release;
		};
		B9D3561422CB9CB6002C4AEC /* Debug */ = {
			isa = XCBuildConfiguration;
			buildSettings = {
				CODE_SIGN_STYLE = Automatic;
				CURRENT_PROJECT_VERSION = 1;
				DEVELOPMENT_TEAM = 68GDTXVT88;
				MARKETING_VERSION = 1.0;
				PRODUCT_BUNDLE_IDENTIFIER = "com.darkchocolatesoftware.StitchTester-watchOS";
				PRODUCT_NAME = "$(TARGET_NAME)";
				SDKROOT = iphoneos;
				SWIFT_VERSION = 5.0;
			};
			name = Debug;
		};
		B9D3561522CB9CB6002C4AEC /* Release */ = {
			isa = XCBuildConfiguration;
			buildSettings = {
				CODE_SIGN_STYLE = Automatic;
				CURRENT_PROJECT_VERSION = 1;
				DEVELOPMENT_TEAM = 68GDTXVT88;
				MARKETING_VERSION = 1.0;
				PRODUCT_BUNDLE_IDENTIFIER = "com.darkchocolatesoftware.StitchTester-watchOS";
				PRODUCT_NAME = "$(TARGET_NAME)";
				SDKROOT = iphoneos;
				SWIFT_VERSION = 5.0;
				VALIDATE_PRODUCT = YES;
			};
			name = Release;
		};
		B9D748FA22BC8C420058EDB9 /* Debug */ = {
			isa = XCBuildConfiguration;
			buildSettings = {
				BUNDLE_LOADER = "$(TEST_HOST)";
				CODE_SIGN_STYLE = Automatic;
				COMBINE_HIDPI_IMAGES = YES;
				DEVELOPMENT_TEAM = 68GDTXVT88;
				INFOPLIST_FILE = StitchTesterTests/Info.plist;
				LD_RUNPATH_SEARCH_PATHS = (
					"$(inherited)",
					"@executable_path/../Frameworks",
					"@loader_path/../Frameworks",
				);
				MOMC_NO_INVERSE_RELATIONSHIP_WARNINGS = YES;
				PRODUCT_BUNDLE_IDENTIFIER = com.darkchocolatesoftware.StitchTesterTests;
				PRODUCT_NAME = "$(TARGET_NAME)";
				SWIFT_VERSION = 5.0;
				TEST_HOST = "$(BUILT_PRODUCTS_DIR)/StitchTester.app/Contents/MacOS/StitchTester";
			};
			name = Debug;
		};
		B9D748FB22BC8C420058EDB9 /* Release */ = {
			isa = XCBuildConfiguration;
			buildSettings = {
				BUNDLE_LOADER = "$(TEST_HOST)";
				CODE_SIGN_STYLE = Automatic;
				COMBINE_HIDPI_IMAGES = YES;
				DEVELOPMENT_TEAM = 68GDTXVT88;
				INFOPLIST_FILE = StitchTesterTests/Info.plist;
				LD_RUNPATH_SEARCH_PATHS = (
					"$(inherited)",
					"@executable_path/../Frameworks",
					"@loader_path/../Frameworks",
				);
				MOMC_NO_INVERSE_RELATIONSHIP_WARNINGS = YES;
				PRODUCT_BUNDLE_IDENTIFIER = com.darkchocolatesoftware.StitchTesterTests;
				PRODUCT_NAME = "$(TARGET_NAME)";
				SWIFT_VERSION = 5.0;
				TEST_HOST = "$(BUILT_PRODUCTS_DIR)/StitchTester.app/Contents/MacOS/StitchTester";
			};
			name = Release;
		};
		B9F9871B22CB126B00E72151 /* Debug */ = {
			isa = XCBuildConfiguration;
			buildSettings = {
				ASSETCATALOG_COMPILER_APPICON_NAME = AppIcon;
				CODE_SIGN_ENTITLEMENTS = "StitchTester-iOS/StitchTester-iOS.entitlements";
				CODE_SIGN_STYLE = Automatic;
				DEVELOPMENT_TEAM = 68GDTXVT88;
				INFOPLIST_FILE = "StitchTester-iOS/Info.plist";
				IPHONEOS_DEPLOYMENT_TARGET = 10.0;
				LD_RUNPATH_SEARCH_PATHS = (
					"$(inherited)",
					"@executable_path/Frameworks",
				);
				PRODUCT_BUNDLE_IDENTIFIER = "com.darkchocolatesoftware.StitchTester-iOS";
				PRODUCT_NAME = "$(TARGET_NAME)";
				SDKROOT = iphoneos;
				SWIFT_VERSION = 5.0;
				TARGETED_DEVICE_FAMILY = "1,2";
			};
			name = Debug;
		};
		B9F9871C22CB126B00E72151 /* Release */ = {
			isa = XCBuildConfiguration;
			buildSettings = {
				ASSETCATALOG_COMPILER_APPICON_NAME = AppIcon;
				CODE_SIGN_ENTITLEMENTS = "StitchTester-iOS/StitchTester-iOS.entitlements";
				CODE_SIGN_STYLE = Automatic;
				DEVELOPMENT_TEAM = 68GDTXVT88;
				INFOPLIST_FILE = "StitchTester-iOS/Info.plist";
				IPHONEOS_DEPLOYMENT_TARGET = 10.0;
				LD_RUNPATH_SEARCH_PATHS = (
					"$(inherited)",
					"@executable_path/Frameworks",
				);
				PRODUCT_BUNDLE_IDENTIFIER = "com.darkchocolatesoftware.StitchTester-iOS";
				PRODUCT_NAME = "$(TARGET_NAME)";
				SDKROOT = iphoneos;
				SWIFT_VERSION = 5.0;
				TARGETED_DEVICE_FAMILY = "1,2";
				VALIDATE_PRODUCT = YES;
			};
			name = Release;
		};
		B9F9871D22CB126B00E72151 /* Debug */ = {
			isa = XCBuildConfiguration;
			buildSettings = {
				ALWAYS_EMBED_SWIFT_STANDARD_LIBRARIES = YES;
				BUNDLE_LOADER = "$(TEST_HOST)";
				CODE_SIGN_STYLE = Automatic;
				DEVELOPMENT_TEAM = 68GDTXVT88;
				INFOPLIST_FILE = "StitchTester-iOSTests/Info.plist";
				IPHONEOS_DEPLOYMENT_TARGET = 13.0;
				LD_RUNPATH_SEARCH_PATHS = (
					"$(inherited)",
					"@executable_path/Frameworks",
					"@loader_path/Frameworks",
				);
				MOMC_NO_INVERSE_RELATIONSHIP_WARNINGS = YES;
				PRODUCT_BUNDLE_IDENTIFIER = "com.darkchocolatesoftware.StitchTester-iOSTests";
				PRODUCT_NAME = "$(TARGET_NAME)";
				SDKROOT = iphoneos;
				SWIFT_VERSION = 5.0;
				TARGETED_DEVICE_FAMILY = "1,2";
				TEST_HOST = "$(BUILT_PRODUCTS_DIR)/StitchTester-iOS.app/StitchTester-iOS";
			};
			name = Debug;
		};
		B9F9871E22CB126B00E72151 /* Release */ = {
			isa = XCBuildConfiguration;
			buildSettings = {
				ALWAYS_EMBED_SWIFT_STANDARD_LIBRARIES = YES;
				BUNDLE_LOADER = "$(TEST_HOST)";
				CODE_SIGN_STYLE = Automatic;
				DEVELOPMENT_TEAM = 68GDTXVT88;
				INFOPLIST_FILE = "StitchTester-iOSTests/Info.plist";
				IPHONEOS_DEPLOYMENT_TARGET = 13.0;
				LD_RUNPATH_SEARCH_PATHS = (
					"$(inherited)",
					"@executable_path/Frameworks",
					"@loader_path/Frameworks",
				);
				MOMC_NO_INVERSE_RELATIONSHIP_WARNINGS = YES;
				PRODUCT_BUNDLE_IDENTIFIER = "com.darkchocolatesoftware.StitchTester-iOSTests";
				PRODUCT_NAME = "$(TARGET_NAME)";
				SDKROOT = iphoneos;
				SWIFT_VERSION = 5.0;
				TARGETED_DEVICE_FAMILY = "1,2";
				TEST_HOST = "$(BUILT_PRODUCTS_DIR)/StitchTester-iOS.app/StitchTester-iOS";
				VALIDATE_PRODUCT = YES;
			};
			name = Release;
		};
/* End XCBuildConfiguration section */

/* Begin XCConfigurationList section */
		B9C7570922BC802A0086163A /* Build configuration list for PBXProject "Stitch" */ = {
			isa = XCConfigurationList;
			buildConfigurations = (
				B9C7572522BC802C0086163A /* Debug */,
				B9C7572622BC802C0086163A /* Release */,
			);
			defaultConfigurationIsVisible = 0;
			defaultConfigurationName = Release;
		};
		B9C7572722BC802C0086163A /* Build configuration list for PBXNativeTarget "StitchTester" */ = {
			isa = XCConfigurationList;
			buildConfigurations = (
				B9C7572822BC802C0086163A /* Debug */,
				B9C7572922BC802C0086163A /* Release */,
			);
			defaultConfigurationIsVisible = 0;
			defaultConfigurationName = Release;
		};
		B9D355E022CB9582002C4AEC /* Build configuration list for PBXNativeTarget "StitchTester-tvOS" */ = {
			isa = XCConfigurationList;
			buildConfigurations = (
				B9D355DC22CB9582002C4AEC /* Debug */,
				B9D355DD22CB9582002C4AEC /* Release */,
			);
			defaultConfigurationIsVisible = 0;
			defaultConfigurationName = Release;
		};
		B9D355E122CB9582002C4AEC /* Build configuration list for PBXNativeTarget "StitchTester-tvOSTests" */ = {
			isa = XCConfigurationList;
			buildConfigurations = (
				B9D355DE22CB9582002C4AEC /* Debug */,
				B9D355DF22CB9582002C4AEC /* Release */,
			);
			defaultConfigurationIsVisible = 0;
			defaultConfigurationName = Release;
		};
		B9D3560B22CB9CB6002C4AEC /* Build configuration list for PBXNativeTarget "StitchTester-watchOS WatchKit Extension" */ = {
			isa = XCConfigurationList;
			buildConfigurations = (
				B9D3560C22CB9CB6002C4AEC /* Debug */,
				B9D3560D22CB9CB6002C4AEC /* Release */,
			);
			defaultConfigurationIsVisible = 0;
			defaultConfigurationName = Release;
		};
		B9D3560F22CB9CB6002C4AEC /* Build configuration list for PBXNativeTarget "StitchTester-watchOS WatchKit App" */ = {
			isa = XCConfigurationList;
			buildConfigurations = (
				B9D3561022CB9CB6002C4AEC /* Debug */,
				B9D3561122CB9CB6002C4AEC /* Release */,
			);
			defaultConfigurationIsVisible = 0;
			defaultConfigurationName = Release;
		};
		B9D3561322CB9CB6002C4AEC /* Build configuration list for PBXNativeTarget "StitchTester-watchOS" */ = {
			isa = XCConfigurationList;
			buildConfigurations = (
				B9D3561422CB9CB6002C4AEC /* Debug */,
				B9D3561522CB9CB6002C4AEC /* Release */,
			);
			defaultConfigurationIsVisible = 0;
			defaultConfigurationName = Release;
		};
		B9D748F922BC8C420058EDB9 /* Build configuration list for PBXNativeTarget "StitchTesterTests" */ = {
			isa = XCConfigurationList;
			buildConfigurations = (
				B9D748FA22BC8C420058EDB9 /* Debug */,
				B9D748FB22BC8C420058EDB9 /* Release */,
			);
			defaultConfigurationIsVisible = 0;
			defaultConfigurationName = Release;
		};
		B9F9871F22CB126B00E72151 /* Build configuration list for PBXNativeTarget "StitchTester-iOS" */ = {
			isa = XCConfigurationList;
			buildConfigurations = (
				B9F9871B22CB126B00E72151 /* Debug */,
				B9F9871C22CB126B00E72151 /* Release */,
			);
			defaultConfigurationIsVisible = 0;
			defaultConfigurationName = Release;
		};
		B9F9872022CB126B00E72151 /* Build configuration list for PBXNativeTarget "StitchTester-iOSTests" */ = {
			isa = XCConfigurationList;
			buildConfigurations = (
				B9F9871D22CB126B00E72151 /* Debug */,
				B9F9871E22CB126B00E72151 /* Release */,
			);
			defaultConfigurationIsVisible = 0;
			defaultConfigurationName = Release;
		};
/* End XCConfigurationList section */

/* Begin XCSwiftPackageProductDependency section */
		B9C7574622BC866B0086163A /* Stitch */ = {
			isa = XCSwiftPackageProductDependency;
			productName = Stitch;
		};
		B9D355E922CB9630002C4AEC /* Stitch */ = {
			isa = XCSwiftPackageProductDependency;
			productName = Stitch;
		};
		B9D3561D22CB9E80002C4AEC /* Stitch */ = {
			isa = XCSwiftPackageProductDependency;
			productName = Stitch;
		};
		B9F9872722CB12B300E72151 /* Stitch */ = {
			isa = XCSwiftPackageProductDependency;
			productName = Stitch;
		};
/* End XCSwiftPackageProductDependency section */

/* Begin XCVersionGroup section */
		B9CDF08222BD18F5004A52D3 /* TestModel.xcdatamodeld */ = {
			isa = XCVersionGroup;
			children = (
				B9C4FC4122CAA37B00E34B3C /* TestModel3.xcdatamodel */,
				B9C4FC4022CAA35400E34B3C /* TestModel2.xcdatamodel */,
				B9CDF08322BD18F5004A52D3 /* TestModel.xcdatamodel */,
			);
			currentVersion = B9CDF08322BD18F5004A52D3 /* TestModel.xcdatamodel */;
			path = TestModel.xcdatamodeld;
			sourceTree = "<group>";
			versionGroupType = wrapper.xcdatamodel;
		};
/* End XCVersionGroup section */
	};
	rootObject = B9C7570622BC802A0086163A /* Project object */;
}
